
Microsoft Visual Studio Solution File, Format Version 12.00
# Visual Studio Version 17
VisualStudioVersion = 17.4.33213.308
MinimumVisualStudioVersion = 10.0.40219.1
Project("{FAE04EC0-301F-11D3-BF4B-00C04F79EFBC}") = "Tic-Tac-Toe", "Tic-Tac-Toe\Tic-Tac-Toe.csproj", "{72890E2B-B9AF-4C84-9D1E-2DF20BACB3A9}"
EndProject
Global
	GlobalSection(SolutionConfigurationPlatforms) = preSolution
		Debug|Any CPU = Debug|Any CPU
		Release|Any CPU = Release|Any CPU
	EndGlobalSection
	GlobalSection(ProjectConfigurationPlatforms) = postSolution
		{72890E2B-B9AF-4C84-9D1E-2DF20BACB3A9}.Debug|Any CPU.ActiveCfg = Debug|Any CPU
		{72890E2B-B9AF-4C84-9D1E-2DF20BACB3A9}.Debug|Any CPU.Build.0 = Debug|Any CPU
		{72890E2B-B9AF-4C84-9D1E-2DF20BACB3A9}.Release|Any CPU.ActiveCfg = Release|Any CPU
		{72890E2B-B9AF-4C84-9D1E-2DF20BACB3A9}.Release|Any CPU.Build.0 = Release|Any CPU
	EndGlobalSection
	GlobalSection(SolutionProperties) = preSolution
		HideSolutionNode = FALSE
	EndGlobalSection
	GlobalSection(ExtensibilityGlobals) = postSolution
		SolutionGuid = {5C98E01E-8176-4BAC-BDC5-AE9D55A35185}
	EndGlobalSection
EndGlobal
